
Microsoft Visual Studio Solution File, Format Version 12.00
# Visual Studio Version 17
VisualStudioVersion = 17.1.32228.430
MinimumVisualStudioVersion = 10.0.40219.1
Project("{FAE04EC0-301F-11D3-BF4B-00C04F79EFBC}") = "TestApi", "TestApi\TestApi.csproj", "{36A4ABBC-3F21-475A-BFAE-8D2B24BFF7CF}"
EndProject
Global
	GlobalSection(SolutionConfigurationPlatforms) = preSolution
		Debug|Any CPU = Debug|Any CPU
		Release|Any CPU = Release|Any CPU
	EndGlobalSection
	GlobalSection(ProjectConfigurationPlatforms) = postSolution
		{36A4ABBC-3F21-475A-BFAE-8D2B24BFF7CF}.Debug|Any CPU.ActiveCfg = Debug|Any CPU
		{36A4ABBC-3F21-475A-BFAE-8D2B24BFF7CF}.Debug|Any CPU.Build.0 = Debug|Any CPU
		{36A4ABBC-3F21-475A-BFAE-8D2B24BFF7CF}.Release|Any CPU.ActiveCfg = Release|Any CPU
		{36A4ABBC-3F21-475A-BFAE-8D2B24BFF7CF}.Release|Any CPU.Build.0 = Release|Any CPU
	EndGlobalSection
	GlobalSection(SolutionProperties) = preSolution
		HideSolutionNode = FALSE
	EndGlobalSection
	GlobalSection(ExtensibilityGlobals) = postSolution
		SolutionGuid = {2ECA3F60-5809-4CF7-89ED-6E1D7ED5C1E2}
	EndGlobalSection
EndGlobal
